// !$*UTF8*$!
{
	archiveVersion = 1;
	classes = {
	};
	objectVersion = 50;
	objects = {

/* Begin PBXBuildFile section */
		DA23633C26446D0900A379E0 /* AppDelegate.swift in Sources */ = {isa = PBXBuildFile; fileRef = DA23633B26446D0900A379E0 /* AppDelegate.swift */; };
		DA23633E26446D0900A379E0 /* SceneDelegate.swift in Sources */ = {isa = PBXBuildFile; fileRef = DA23633D26446D0900A379E0 /* SceneDelegate.swift */; };
		DA23634026446D0900A379E0 /* ViewController.swift in Sources */ = {isa = PBXBuildFile; fileRef = DA23633F26446D0900A379E0 /* ViewController.swift */; };
		DA23634326446D0900A379E0 /* Main.storyboard in Resources */ = {isa = PBXBuildFile; fileRef = DA23634126446D0900A379E0 /* Main.storyboard */; };
		DA23634526446D0A00A379E0 /* Assets.xcassets in Resources */ = {isa = PBXBuildFile; fileRef = DA23634426446D0A00A379E0 /* Assets.xcassets */; };
		DA23634826446D0A00A379E0 /* LaunchScreen.storyboard in Resources */ = {isa = PBXBuildFile; fileRef = DA23634626446D0A00A379E0 /* LaunchScreen.storyboard */; };
		DA23635326446D0A00A379E0 /* PreworkTests.swift in Sources */ = {isa = PBXBuildFile; fileRef = DA23635226446D0A00A379E0 /* PreworkTests.swift */; };
		DA23635E26446D0A00A379E0 /* PreworkUITests.swift in Sources */ = {isa = PBXBuildFile; fileRef = DA23635D26446D0A00A379E0 /* PreworkUITests.swift */; };
/* End PBXBuildFile section */

/* Begin PBXContainerItemProxy section */
		DA23634F26446D0A00A379E0 /* PBXContainerItemProxy */ = {
			isa = PBXContainerItemProxy;
			containerPortal = DA23633026446D0900A379E0 /* Project object */;
			proxyType = 1;
			remoteGlobalIDString = DA23633726446D0900A379E0;
			remoteInfo = Prework;
		};
		DA23635A26446D0A00A379E0 /* PBXContainerItemProxy */ = {
			isa = PBXContainerItemProxy;
			containerPortal = DA23633026446D0900A379E0 /* Project object */;
			proxyType = 1;
			remoteGlobalIDString = DA23633726446D0900A379E0;
			remoteInfo = Prework;
		};
/* End PBXContainerItemProxy section */

/* Begin PBXFileReference section */
		DA23633826446D0900A379E0 /* Prework.app */ = {isa = PBXFileReference; explicitFileType = wrapper.application; includeInIndex = 0; path = Prework.app; sourceTree = BUILT_PRODUCTS_DIR; };
		DA23633B26446D0900A379E0 /* AppDelegate.swift */ = {isa = PBXFileReference; lastKnownFileType = sourcecode.swift; path = AppDelegate.swift; sourceTree = "<group>"; };
		DA23633D26446D0900A379E0 /* SceneDelegate.swift */ = {isa = PBXFileReference; lastKnownFileType = sourcecode.swift; path = SceneDelegate.swift; sourceTree = "<group>"; };
		DA23633F26446D0900A379E0 /* ViewController.swift */ = {isa = PBXFileReference; lastKnownFileType = sourcecode.swift; path = ViewController.swift; sourceTree = "<group>"; };
		DA23634226446D0900A379E0 /* Base */ = {isa = PBXFileReference; lastKnownFileType = file.storyboard; name = Base; path = Base.lproj/Main.storyboard; sourceTree = "<group>"; };
		DA23634426446D0A00A379E0 /* Assets.xcassets */ = {isa = PBXFileReference; lastKnownFileType = folder.assetcatalog; path = Assets.xcassets; sourceTree = "<group>"; };
		DA23634726446D0A00A379E0 /* Base */ = {isa = PBXFileReference; lastKnownFileType = file.storyboard; name = Base; path = Base.lproj/LaunchScreen.storyboard; sourceTree = "<group>"; };
		DA23634926446D0A00A379E0 /* Info.plist */ = {isa = PBXFileReference; lastKnownFileType = text.plist.xml; path = Info.plist; sourceTree = "<group>"; };
		DA23634E26446D0A00A379E0 /* PreworkTests.xctest */ = {isa = PBXFileReference; explicitFileType = wrapper.cfbundle; includeInIndex = 0; path = PreworkTests.xctest; sourceTree = BUILT_PRODUCTS_DIR; };
		DA23635226446D0A00A379E0 /* PreworkTests.swift */ = {isa = PBXFileReference; lastKnownFileType = sourcecode.swift; path = PreworkTests.swift; sourceTree = "<group>"; };
		DA23635426446D0A00A379E0 /* Info.plist */ = {isa = PBXFileReference; lastKnownFileType = text.plist.xml; path = Info.plist; sourceTree = "<group>"; };
		DA23635926446D0A00A379E0 /* PreworkUITests.xctest */ = {isa = PBXFileReference; explicitFileType = wrapper.cfbundle; includeInIndex = 0; path = PreworkUITests.xctest; sourceTree = BUILT_PRODUCTS_DIR; };
		DA23635D26446D0A00A379E0 /* PreworkUITests.swift */ = {isa = PBXFileReference; lastKnownFileType = sourcecode.swift; path = PreworkUITests.swift; sourceTree = "<group>"; };
		DA23635F26446D0A00A379E0 /* Info.plist */ = {isa = PBXFileReference; lastKnownFileType = text.plist.xml; path = Info.plist; sourceTree = "<group>"; };
/* End PBXFileReference section */

/* Begin PBXFrameworksBuildPhase section */
		DA23633526446D0900A379E0 /* Frameworks */ = {
			isa = PBXFrameworksBuildPhase;
			buildActionMask = 2147483647;
			files = (
			);
			runOnlyForDeploymentPostprocessing = 0;
		};
		DA23634B26446D0A00A379E0 /* Frameworks */ = {
			isa = PBXFrameworksBuildPhase;
			buildActionMask = 2147483647;
			files = (
			);
			runOnlyForDeploymentPostprocessing = 0;
		};
		DA23635626446D0A00A379E0 /* Frameworks */ = {
			isa = PBXFrameworksBuildPhase;
			buildActionMask = 2147483647;
			files = (
			);
			runOnlyForDeploymentPostprocessing = 0;
		};
/* End PBXFrameworksBuildPhase section */

/* Begin PBXGroup section */
		DA23632F26446D0900A379E0 = {
			isa = PBXGroup;
			children = (
				DA23633A26446D0900A379E0 /* Prework */,
				DA23635126446D0A00A379E0 /* PreworkTests */,
				DA23635C26446D0A00A379E0 /* PreworkUITests */,
				DA23633926446D0900A379E0 /* Products */,
			);
			sourceTree = "<group>";
		};
		DA23633926446D0900A379E0 /* Products */ = {
			isa = PBXGroup;
			children = (
				DA23633826446D0900A379E0 /* Prework.app */,
				DA23634E26446D0A00A379E0 /* PreworkTests.xctest */,
				DA23635926446D0A00A379E0 /* PreworkUITests.xctest */,
			);
			name = Products;
			sourceTree = "<group>";
		};
		DA23633A26446D0900A379E0 /* Prework */ = {
			isa = PBXGroup;
			children = (
				DA23633B26446D0900A379E0 /* AppDelegate.swift */,
				DA23633D26446D0900A379E0 /* SceneDelegate.swift */,
				DA23633F26446D0900A379E0 /* ViewController.swift */,
				DA23634126446D0900A379E0 /* Main.storyboard */,
				DA23634426446D0A00A379E0 /* Assets.xcassets */,
				DA23634626446D0A00A379E0 /* LaunchScreen.storyboard */,
				DA23634926446D0A00A379E0 /* Info.plist */,
			);
			path = Prework;
			sourceTree = "<group>";
		};
		DA23635126446D0A00A379E0 /* PreworkTests */ = {
			isa = PBXGroup;
			children = (
				DA23635226446D0A00A379E0 /* PreworkTests.swift */,
				DA23635426446D0A00A379E0 /* Info.plist */,
			);
			path = PreworkTests;
			sourceTree = "<group>";
		};
		DA23635C26446D0A00A379E0 /* PreworkUITests */ = {
			isa = PBXGroup;
			children = (
				DA23635D26446D0A00A379E0 /* PreworkUITests.swift */,
				DA23635F26446D0A00A379E0 /* Info.plist */,
			);
			path = PreworkUITests;
			sourceTree = "<group>";
		};
/* End PBXGroup section */

/* Begin PBXNativeTarget section */
		DA23633726446D0900A379E0 /* Prework */ = {
			isa = PBXNativeTarget;
			buildConfigurationList = DA23636226446D0A00A379E0 /* Build configuration list for PBXNativeTarget "Prework" */;
			buildPhases = (
				DA23633426446D0900A379E0 /* Sources */,
				DA23633526446D0900A379E0 /* Frameworks */,
				DA23633626446D0900A379E0 /* Resources */,
			);
			buildRules = (
			);
			dependencies = (
			);
			name = Prework;
			productName = Prework;
			productReference = DA23633826446D0900A379E0 /* Prework.app */;
			productType = "com.apple.product-type.application";
		};
		DA23634D26446D0A00A379E0 /* PreworkTests */ = {
			isa = PBXNativeTarget;
			buildConfigurationList = DA23636526446D0A00A379E0 /* Build configuration list for PBXNativeTarget "PreworkTests" */;
			buildPhases = (
				DA23634A26446D0A00A379E0 /* Sources */,
				DA23634B26446D0A00A379E0 /* Frameworks */,
				DA23634C26446D0A00A379E0 /* Resources */,
			);
			buildRules = (
			);
			dependencies = (
				DA23635026446D0A00A379E0 /* PBXTargetDependency */,
			);
			name = PreworkTests;
			productName = PreworkTests;
			productReference = DA23634E26446D0A00A379E0 /* PreworkTests.xctest */;
			productType = "com.apple.product-type.bundle.unit-test";
		};
		DA23635826446D0A00A379E0 /* PreworkUITests */ = {
			isa = PBXNativeTarget;
			buildConfigurationList = DA23636826446D0A00A379E0 /* Build configuration list for PBXNativeTarget "PreworkUITests" */;
			buildPhases = (
				DA23635526446D0A00A379E0 /* Sources */,
				DA23635626446D0A00A379E0 /* Frameworks */,
				DA23635726446D0A00A379E0 /* Resources */,
			);
			buildRules = (
			);
			dependencies = (
				DA23635B26446D0A00A379E0 /* PBXTargetDependency */,
			);
			name = PreworkUITests;
			productName = PreworkUITests;
			productReference = DA23635926446D0A00A379E0 /* PreworkUITests.xctest */;
			productType = "com.apple.product-type.bundle.ui-testing";
		};
/* End PBXNativeTarget section */

/* Begin PBXProject section */
		DA23633026446D0900A379E0 /* Project object */ = {
			isa = PBXProject;
			attributes = {
				LastSwiftUpdateCheck = 1250;
				LastUpgradeCheck = 1250;
				TargetAttributes = {
					DA23633726446D0900A379E0 = {
						CreatedOnToolsVersion = 12.5;
					};
					DA23634D26446D0A00A379E0 = {
						CreatedOnToolsVersion = 12.5;
						TestTargetID = DA23633726446D0900A379E0;
					};
					DA23635826446D0A00A379E0 = {
						CreatedOnToolsVersion = 12.5;
						TestTargetID = DA23633726446D0900A379E0;
					};
				};
			};
			buildConfigurationList = DA23633326446D0900A379E0 /* Build configuration list for PBXProject "Prework" */;
			compatibilityVersion = "Xcode 9.3";
			developmentRegion = en;
			hasScannedForEncodings = 0;
			knownRegions = (
				en,
				Base,
			);
			mainGroup = DA23632F26446D0900A379E0;
			productRefGroup = DA23633926446D0900A379E0 /* Products */;
			projectDirPath = "";
			projectRoot = "";
			targets = (
				DA23633726446D0900A379E0 /* Prework */,
				DA23634D26446D0A00A379E0 /* PreworkTests */,
				DA23635826446D0A00A379E0 /* PreworkUITests */,
			);
		};
/* End PBXProject section */

/* Begin PBXResourcesBuildPhase section */
		DA23633626446D0900A379E0 /* Resources */ = {
			isa = PBXResourcesBuildPhase;
			buildActionMask = 2147483647;
			files = (
				DA23634826446D0A00A379E0 /* LaunchScreen.storyboard in Resources */,
				DA23634526446D0A00A379E0 /* Assets.xcassets in Resources */,
				DA23634326446D0900A379E0 /* Main.storyboard in Resources */,
			);
			runOnlyForDeploymentPostprocessing = 0;
		};
		DA23634C26446D0A00A379E0 /* Resources */ = {
			isa = PBXResourcesBuildPhase;
			buildActionMask = 2147483647;
			files = (
			);
			runOnlyForDeploymentPostprocessing = 0;
		};
		DA23635726446D0A00A379E0 /* Resources */ = {
			isa = PBXResourcesBuildPhase;
			buildActionMask = 2147483647;
			files = (
			);
			runOnlyForDeploymentPostprocessing = 0;
		};
/* End PBXResourcesBuildPhase section */

/* Begin PBXSourcesBuildPhase section */
		DA23633426446D0900A379E0 /* Sources */ = {
			isa = PBXSourcesBuildPhase;
			buildActionMask = 2147483647;
			files = (
				DA23634026446D0900A379E0 /* ViewController.swift in Sources */,
				DA23633C26446D0900A379E0 /* AppDelegate.swift in Sources */,
				DA23633E26446D0900A379E0 /* SceneDelegate.swift in Sources */,
			);
			runOnlyForDeploymentPostprocessing = 0;
		};
		DA23634A26446D0A00A379E0 /* Sources */ = {
			isa = PBXSourcesBuildPhase;
			buildActionMask = 2147483647;
			files = (
				DA23635326446D0A00A379E0 /* PreworkTests.swift in Sources */,
			);
			runOnlyForDeploymentPostprocessing = 0;
		};
		DA23635526446D0A00A379E0 /* Sources */ = {
			isa = PBXSourcesBuildPhase;
			buildActionMask = 2147483647;
			files = (
				DA23635E26446D0A00A379E0 /* PreworkUITests.swift in Sources */,
			);
			runOnlyForDeploymentPostprocessing = 0;
		};
/* End PBXSourcesBuildPhase section */

/* Begin PBXTargetDependency section */
		DA23635026446D0A00A379E0 /* PBXTargetDependency */ = {
			isa = PBXTargetDependency;
			target = DA23633726446D0900A379E0 /* Prework */;
			targetProxy = DA23634F26446D0A00A379E0 /* PBXContainerItemProxy */;
		};
		DA23635B26446D0A00A379E0 /* PBXTargetDependency */ = {
			isa = PBXTargetDependency;
			target = DA23633726446D0900A379E0 /* Prework */;
			targetProxy = DA23635A26446D0A00A379E0 /* PBXContainerItemProxy */;
		};
/* End PBXTargetDependency section */

/* Begin PBXVariantGroup section */
		DA23634126446D0900A379E0 /* Main.storyboard */ = {
			isa = PBXVariantGroup;
			children = (
				DA23634226446D0900A379E0 /* Base */,
			);
			name = Main.storyboard;
			sourceTree = "<group>";
		};
		DA23634626446D0A00A379E0 /* LaunchScreen.storyboard */ = {
			isa = PBXVariantGroup;
			children = (
				DA23634726446D0A00A379E0 /* Base */,
			);
			name = LaunchScreen.storyboard;
			sourceTree = "<group>";
		};
/* End PBXVariantGroup section */

/* Begin XCBuildConfiguration section */
		DA23636026446D0A00A379E0 /* Debug */ = {
			isa = XCBuildConfiguration;
			buildSettings = {
				ALWAYS_SEARCH_USER_PATHS = NO;
				CLANG_ANALYZER_NONNULL = YES;
				CLANG_ANALYZER_NUMBER_OBJECT_CONVERSION = YES_AGGRESSIVE;
				CLANG_CXX_LANGUAGE_STANDARD = "gnu++14";
				CLANG_CXX_LIBRARY = "libc++";
				CLANG_ENABLE_MODULES = YES;
				CLANG_ENABLE_OBJC_ARC = YES;
				CLANG_ENABLE_OBJC_WEAK = YES;
				CLANG_WARN_BLOCK_CAPTURE_AUTORELEASING = YES;
				CLANG_WARN_BOOL_CONVERSION = YES;
				CLANG_WARN_COMMA = YES;
				CLANG_WARN_CONSTANT_CONVERSION = YES;
				CLANG_WARN_DEPRECATED_OBJC_IMPLEMENTATIONS = YES;
				CLANG_WARN_DIRECT_OBJC_ISA_USAGE = YES_ERROR;
				CLANG_WARN_DOCUMENTATION_COMMENTS = YES;
				CLANG_WARN_EMPTY_BODY = YES;
				CLANG_WARN_ENUM_CONVERSION = YES;
				CLANG_WARN_INFINITE_RECURSION = YES;
				CLANG_WARN_INT_CONVERSION = YES;
				CLANG_WARN_NON_LITERAL_NULL_CONVERSION = YES;
				CLANG_WARN_OBJC_IMPLICIT_RETAIN_SELF = YES;
				CLANG_WARN_OBJC_LITERAL_CONVERSION = YES;
				CLANG_WARN_OBJC_ROOT_CLASS = YES_ERROR;
				CLANG_WARN_QUOTED_INCLUDE_IN_FRAMEWORK_HEADER = YES;
				CLANG_WARN_RANGE_LOOP_ANALYSIS = YES;
				CLANG_WARN_STRICT_PROTOTYPES = YES;
				CLANG_WARN_SUSPICIOUS_MOVE = YES;
				CLANG_WARN_UNGUARDED_AVAILABILITY = YES_AGGRESSIVE;
				CLANG_WARN_UNREACHABLE_CODE = YES;
				CLANG_WARN__DUPLICATE_METHOD_MATCH = YES;
				COPY_PHASE_STRIP = NO;
				DEBUG_INFORMATION_FORMAT = dwarf;
				ENABLE_STRICT_OBJC_MSGSEND = YES;
				ENABLE_TESTABILITY = YES;
				GCC_C_LANGUAGE_STANDARD = gnu11;
				GCC_DYNAMIC_NO_PIC = NO;
				GCC_NO_COMMON_BLOCKS = YES;
				GCC_OPTIMIZATION_LEVEL = 0;
				GCC_PREPROCESSOR_DEFINITIONS = (
					"DEBUG=1",
					"$(inherited)",
				);
				GCC_WARN_64_TO_32_BIT_CONVERSION = YES;
				GCC_WARN_ABOUT_RETURN_TYPE = YES_ERROR;
				GCC_WARN_UNDECLARED_SELECTOR = YES;
				GCC_WARN_UNINITIALIZED_AUTOS = YES_AGGRESSIVE;
				GCC_WARN_UNUSED_FUNCTION = YES;
				GCC_WARN_UNUSED_VARIABLE = YES;
				IPHONEOS_DEPLOYMENT_TARGET = 14.5;
				MTL_ENABLE_DEBUG_INFO = INCLUDE_SOURCE;
				MTL_FAST_MATH = YES;
				ONLY_ACTIVE_ARCH = YES;
				SDKROOT = iphoneos;
				SWIFT_ACTIVE_COMPILATION_CONDITIONS = DEBUG;
				SWIFT_OPTIMIZATION_LEVEL = "-Onone";
			};
			name = Debug;
		};
		DA23636126446D0A00A379E0 /* Release */ = {
			isa = XCBuildConfiguration;
			buildSettings = {
				ALWAYS_SEARCH_USER_PATHS = NO;
				CLANG_ANALYZER_NONNULL = YES;
				CLANG_ANALYZER_NUMBER_OBJECT_CONVERSION = YES_AGGRESSIVE;
				CLANG_CXX_LANGUAGE_STANDARD = "gnu++14";
				CLANG_CXX_LIBRARY = "libc++";
				CLANG_ENABLE_MODULES = YES;
				CLANG_ENABLE_OBJC_ARC = YES;
				CLANG_ENABLE_OBJC_WEAK = YES;
				CLANG_WARN_BLOCK_CAPTURE_AUTORELEASING = YES;
				CLANG_WARN_BOOL_CONVERSION = YES;
				CLANG_WARN_COMMA = YES;
				CLANG_WARN_CONSTANT_CONVERSION = YES;
				CLANG_WARN_DEPRECATED_OBJC_IMPLEMENTATIONS = YES;
				CLANG_WARN_DIRECT_OBJC_ISA_USAGE = YES_ERROR;
				CLANG_WARN_DOCUMENTATION_COMMENTS = YES;
				CLANG_WARN_EMPTY_BODY = YES;
				CLANG_WARN_ENUM_CONVERSION = YES;
				CLANG_WARN_INFINITE_RECURSION = YES;
				CLANG_WARN_INT_CONVERSION = YES;
				CLANG_WARN_NON_LITERAL_NULL_CONVERSION = YES;
				CLANG_WARN_OBJC_IMPLICIT_RETAIN_SELF = YES;
				CLANG_WARN_OBJC_LITERAL_CONVERSION = YES;
				CLANG_WARN_OBJC_ROOT_CLASS = YES_ERROR;
				CLANG_WARN_QUOTED_INCLUDE_IN_FRAMEWORK_HEADER = YES;
				CLANG_WARN_RANGE_LOOP_ANALYSIS = YES;
				CLANG_WARN_STRICT_PROTOTYPES = YES;
				CLANG_WARN_SUSPICIOUS_MOVE = YES;
				CLANG_WARN_UNGUARDED_AVAILABILITY = YES_AGGRESSIVE;
				CLANG_WARN_UNREACHABLE_CODE = YES;
				CLANG_WARN__DUPLICATE_METHOD_MATCH = YES;
				COPY_PHASE_STRIP = NO;
				DEBUG_INFORMATION_FORMAT = "dwarf-with-dsym";
				ENABLE_NS_ASSERTIONS = NO;
				ENABLE_STRICT_OBJC_MSGSEND = YES;
				GCC_C_LANGUAGE_STANDARD = gnu11;
				GCC_NO_COMMON_BLOCKS = YES;
				GCC_WARN_64_TO_32_BIT_CONVERSION = YES;
				GCC_WARN_ABOUT_RETURN_TYPE = YES_ERROR;
				GCC_WARN_UNDECLARED_SELECTOR = YES;
				GCC_WARN_UNINITIALIZED_AUTOS = YES_AGGRESSIVE;
				GCC_WARN_UNUSED_FUNCTION = YES;
				GCC_WARN_UNUSED_VARIABLE = YES;
				IPHONEOS_DEPLOYMENT_TARGET = 14.5;
				MTL_ENABLE_DEBUG_INFO = NO;
				MTL_FAST_MATH = YES;
				SDKROOT = iphoneos;
				SWIFT_COMPILATION_MODE = wholemodule;
				SWIFT_OPTIMIZATION_LEVEL = "-O";
				VALIDATE_PRODUCT = YES;
			};
			name = Release;
		};
		DA23636326446D0A00A379E0 /* Debug */ = {
			isa = XCBuildConfiguration;
			buildSettings = {
				ASSETCATALOG_COMPILER_APPICON_NAME = AppIcon;
				ASSETCATALOG_COMPILER_GLOBAL_ACCENT_COLOR_NAME = AccentColor;
				CODE_SIGN_STYLE = Automatic;
				DEVELOPMENT_TEAM = 238A2759JW;
				INFOPLIST_FILE = Prework/Info.plist;
				LD_RUNPATH_SEARCH_PATHS = (
					"$(inherited)",
					"@executable_path/Frameworks",
				);
				PRODUCT_BUNDLE_IDENTIFIER = reztec.ai.Prework;
				PRODUCT_NAME = "$(TARGET_NAME)";
				SWIFT_VERSION = 5.0;
				TARGETED_DEVICE_FAMILY = "1,2";
			};
			name = Debug;
		};
		DA23636426446D0A00A379E0 /* Release */ = {
			isa = XCBuildConfiguration;
			buildSettings = {
				ASSETCATALOG_COMPILER_APPICON_NAME = AppIcon;
				ASSETCATALOG_COMPILER_GLOBAL_ACCENT_COLOR_NAME = AccentColor;
				CODE_SIGN_STYLE = Automatic;
				DEVELOPMENT_TEAM = 238A2759JW;
				INFOPLIST_FILE = Prework/Info.plist;
				LD_RUNPATH_SEARCH_PATHS = (
					"$(inherited)",
					"@executable_path/Frameworks",
				);
				PRODUCT_BUNDLE_IDENTIFIER = reztec.ai.Prework;
				PRODUCT_NAME = "$(TARGET_NAME)";
				SWIFT_VERSION = 5.0;
				TARGETED_DEVICE_FAMILY = "1,2";
			};
			name = Release;
		};
		DA23636626446D0A00A379E0 /* Debug */ = {
			isa = XCBuildConfiguration;
			buildSettings = {
				ALWAYS_EMBED_SWIFT_STANDARD_LIBRARIES = YES;
				BUNDLE_LOADER = "$(TEST_HOST)";
				CODE_SIGN_STYLE = Automatic;
				DEVELOPMENT_TEAM = 238A2759JW;
				INFOPLIST_FILE = PreworkTests/Info.plist;
				IPHONEOS_DEPLOYMENT_TARGET = 14.5;
				LD_RUNPATH_SEARCH_PATHS = (
					"$(inherited)",
					"@executable_path/Frameworks",
					"@loader_path/Frameworks",
				);
				PRODUCT_BUNDLE_IDENTIFIER = reztec.ai.PreworkTests;
				PRODUCT_NAME = "$(TARGET_NAME)";
				SWIFT_VERSION = 5.0;
				TARGETED_DEVICE_FAMILY = "1,2";
				TEST_HOST = "$(BUILT_PRODUCTS_DIR)/Prework.app/Prework";
			};
			name = Debug;
		};
		DA23636726446D0A00A379E0 /* Release */ = {
			isa = XCBuildConfiguration;
			buildSettings = {
				ALWAYS_EMBED_SWIFT_STANDARD_LIBRARIES = YES;
				BUNDLE_LOADER = "$(TEST_HOST)";
				CODE_SIGN_STYLE = Automatic;
				DEVELOPMENT_TEAM = 238A2759JW;
				INFOPLIST_FILE = PreworkTests/Info.plist;
				IPHONEOS_DEPLOYMENT_TARGET = 14.5;
				LD_RUNPATH_SEARCH_PATHS = (
					"$(inherited)",
					"@executable_path/Frameworks",
					"@loader_path/Frameworks",
				);
				PRODUCT_BUNDLE_IDENTIFIER = reztec.ai.PreworkTests;
				PRODUCT_NAME = "$(TARGET_NAME)";
				SWIFT_VERSION = 5.0;
				TARGETED_DEVICE_FAMILY = "1,2";
				TEST_HOST = "$(BUILT_PRODUCTS_DIR)/Prework.app/Prework";
			};
			name = Release;
		};
		DA23636926446D0A00A379E0 /* Debug */ = {
			isa = XCBuildConfiguration;
			buildSettings = {
				ALWAYS_EMBED_SWIFT_STANDARD_LIBRARIES = YES;
				CODE_SIGN_STYLE = Automatic;
				DEVELOPMENT_TEAM = 238A2759JW;
				INFOPLIST_FILE = PreworkUITests/Info.plist;
				LD_RUNPATH_SEARCH_PATHS = (
					"$(inherited)",
					"@executable_path/Frameworks",
					"@loader_path/Frameworks",
				);
				PRODUCT_BUNDLE_IDENTIFIER = reztec.ai.PreworkUITests;
				PRODUCT_NAME = "$(TARGET_NAME)";
				SWIFT_VERSION = 5.0;
				TARGETED_DEVICE_FAMILY = "1,2";
				TEST_TARGET_NAME = Prework;
			};
			name = Debug;
		};
		DA23636A26446D0A00A379E0 /* Release */ = {
			isa = XCBuildConfiguration;
			buildSettings = {
				ALWAYS_EMBED_SWIFT_STANDARD_LIBRARIES = YES;
				CODE_SIGN_STYLE = Automatic;
				DEVELOPMENT_TEAM = 238A2759JW;
				INFOPLIST_FILE = PreworkUITests/Info.plist;
				LD_RUNPATH_SEARCH_PATHS = (
					"$(inherited)",
					"@executable_path/Frameworks",
					"@loader_path/Frameworks",
				);
				PRODUCT_BUNDLE_IDENTIFIER = reztec.ai.PreworkUITests;
				PRODUCT_NAME = "$(TARGET_NAME)";
				SWIFT_VERSION = 5.0;
				TARGETED_DEVICE_FAMILY = "1,2";
				TEST_TARGET_NAME = Prework;
			};
			name = Release;
		};
/* End XCBuildConfiguration section */

/* Begin XCConfigurationList section */
		DA23633326446D0900A379E0 /* Build configuration list for PBXProject "Prework" */ = {
			isa = XCConfigurationList;
			buildConfigurations = (
				DA23636026446D0A00A379E0 /* Debug */,
				DA23636126446D0A00A379E0 /* Release */,
			);
			defaultConfigurationIsVisible = 0;
			defaultConfigurationName = Release;
		};
		DA23636226446D0A00A379E0 /* Build configuration list for PBXNativeTarget "Prework" */ = {
			isa = XCConfigurationList;
			buildConfigurations = (
				DA23636326446D0A00A379E0 /* Debug */,
				DA23636426446D0A00A379E0 /* Release */,
			);
			defaultConfigurationIsVisible = 0;
			defaultConfigurationName = Release;
		};
		DA23636526446D0A00A379E0 /* Build configuration list for PBXNativeTarget "PreworkTests" */ = {
			isa = XCConfigurationList;
			buildConfigurations = (
				DA23636626446D0A00A379E0 /* Debug */,
				DA23636726446D0A00A379E0 /* Release */,
			);
			defaultConfigurationIsVisible = 0;
			defaultConfigurationName = Release;
		};
		DA23636826446D0A00A379E0 /* Build configuration list for PBXNativeTarget "PreworkUITests" */ = {
			isa = XCConfigurationList;
			buildConfigurations = (
				DA23636926446D0A00A379E0 /* Debug */,
				DA23636A26446D0A00A379E0 /* Release */,
			);
			defaultConfigurationIsVisible = 0;
			defaultConfigurationName = Release;
		};
/* End XCConfigurationList section */
	};
	rootObject = DA23633026446D0900A379E0 /* Project object */;
}
